FORGE
  remote: https://forgeapi.puppetlabs.com
  specs:
    ajjahn-dns (2.1.0)
      puppetlabs-concat (< 3.0.0, >= 1.0.0)
      puppetlabs-stdlib (< 6.0.0, >= 2.4.0)
    camptocamp-augeas (1.6.0)
      puppetlabs-stdlib (< 5.0.0, >= 3.2.0)
    camptocamp-postfix (1.5.0)
      camptocamp-augeas (< 2.0.0, >= 1.0.0)
      puppetlabs-stdlib (< 5.0.0, >= 3.2.0)
    puppetlabs-apt (2.4.0)
      puppetlabs-stdlib (< 5.0.0, >= 4.13.0)
    puppetlabs-concat (2.2.1)
      puppetlabs-stdlib (< 5.0.0, >= 4.2.0)
    puppetlabs-firewall (1.9.0)
    puppetlabs-inifile (1.6.0)
    puppetlabs-ntp (6.2.0)
      puppetlabs-stdlib (< 5.0.0, >= 4.13.1)
    puppetlabs-postgresql (4.9.0)
      puppetlabs-apt (< 3.0.0, >= 1.8.0)
      puppetlabs-concat (< 3.0.0, >= 1.1.0)
      puppetlabs-stdlib (~> 4.0)
    puppetlabs-puppetdb (5.1.2)
      puppetlabs-firewall (< 2.0.0, >= 1.1.3)
      puppetlabs-inifile (< 2.0.0, >= 1.1.3)
      puppetlabs-postgresql (< 5.0.0, >= 4.0.0)
      puppetlabs-stdlib (< 5.0.0, >= 4.2.2)
    puppetlabs-stdlib (4.17.0)
    vshn-gitlab (1.14.0)
      puppetlabs-apt (< 3.0.0, >= 2.1.0)
      puppetlabs-stdlib (~> 4.0)

DEPENDENCIES
  ajjahn-dns (= 2.1.0)
  camptocamp-augeas (= 1.6.0)
  camptocamp-postfix (= 1.5.0)
  puppetlabs-apt (= 2.4.0)
  puppetlabs-concat (= 2.2.1)
  puppetlabs-firewall (= 1.9.0)
  puppetlabs-inifile (= 1.6.0)
  puppetlabs-ntp (= 6.2.0)
  puppetlabs-postgresql (= 4.9.0)
  puppetlabs-puppetdb (= 5.1.2)
  puppetlabs-stdlib (= 4.17.0)
  vshn-gitlab (= 1.14.0)

